
Microsoft Visual Studio Solution File, Format Version 12.00
# Visual Studio Version 16
VisualStudioVersion = 25.0.1705.3
MinimumVisualStudioVersion = 10.0.40219.1
Project("{FAE04EC0-301F-11D3-BF4B-00C04F79EFBC}") = "uyg4", "uyg4\uyg4.csproj", "{4360D609-9584-40A8-B0B5-596AFF4BE829}"
EndProject
Global
	GlobalSection(SolutionConfigurationPlatforms) = preSolution
		Debug|Any CPU = Debug|Any CPU
		Release|Any CPU = Release|Any CPU
	EndGlobalSection
	GlobalSection(ProjectConfigurationPlatforms) = postSolution
		{4360D609-9584-40A8-B0B5-596AFF4BE829}.Debug|Any CPU.ActiveCfg = Debug|Any CPU
		{4360D609-9584-40A8-B0B5-596AFF4BE829}.Debug|Any CPU.Build.0 = Debug|Any CPU
		{4360D609-9584-40A8-B0B5-596AFF4BE829}.Release|Any CPU.ActiveCfg = Release|Any CPU
		{4360D609-9584-40A8-B0B5-596AFF4BE829}.Release|Any CPU.Build.0 = Release|Any CPU
	EndGlobalSection
	GlobalSection(SolutionProperties) = preSolution
		HideSolutionNode = FALSE
	EndGlobalSection
	GlobalSection(ExtensibilityGlobals) = postSolution
		SolutionGuid = {1A530173-0B3E-4152-BCB2-713AEB78E041}
	EndGlobalSection
EndGlobal
